
Microsoft Visual Studio Solution File, Format Version 12.00
# Visual Studio Version 16
VisualStudioVersion = 16.0.28922.388
MinimumVisualStudioVersion = 10.0.40219.1
Project("{FAE04EC0-301F-11D3-BF4B-00C04F79EFBC}") = "TableAnalyzer", "TableAnalyzer\TableAnalyzer.csproj", "{9BB9CED0-EA58-4393-A6E0-05B41FBD6722}"
EndProject
Global
	GlobalSection(SolutionConfigurationPlatforms) = preSolution
		Debug|Any CPU = Debug|Any CPU
		Release|Any CPU = Release|Any CPU
	EndGlobalSection
	GlobalSection(ProjectConfigurationPlatforms) = postSolution
		{9BB9CED0-EA58-4393-A6E0-05B41FBD6722}.Debug|Any CPU.ActiveCfg = Debug|Any CPU
		{9BB9CED0-EA58-4393-A6E0-05B41FBD6722}.Debug|Any CPU.Build.0 = Debug|Any CPU
		{9BB9CED0-EA58-4393-A6E0-05B41FBD6722}.Release|Any CPU.ActiveCfg = Release|Any CPU
		{9BB9CED0-EA58-4393-A6E0-05B41FBD6722}.Release|Any CPU.Build.0 = Release|Any CPU
	EndGlobalSection
	GlobalSection(SolutionProperties) = preSolution
		HideSolutionNode = FALSE
	EndGlobalSection
	GlobalSection(ExtensibilityGlobals) = postSolution
		SolutionGuid = {CAD526DE-3092-4772-9F74-1C8BB6413B29}
	EndGlobalSection
EndGlobal
